
Microsoft Visual Studio Solution File, Format Version 12.00
# Visual Studio Version 17
VisualStudioVersion = 17.3.32825.248
MinimumVisualStudioVersion = 10.0.40219.1
Project("{9A19103F-16F7-4668-BE54-9A1E7A4F7556}") = "Tests", "Tests\Tests.csproj", "{1C02D32C-DCEF-4C37-99D5-5EB7401231C6}"
EndProject
Project("{FAE04EC0-301F-11D3-BF4B-00C04F79EFBC}") = "Service", "Service\Service.csproj", "{6BE87C6F-6903-4686-8552-C9E1BA16DA9C}"
EndProject
Global
	GlobalSection(SolutionConfigurationPlatforms) = preSolution
		Debug|Any CPU = Debug|Any CPU
		Release|Any CPU = Release|Any CPU
	EndGlobalSection
	GlobalSection(ProjectConfigurationPlatforms) = postSolution
		{1C02D32C-DCEF-4C37-99D5-5EB7401231C6}.Debug|Any CPU.ActiveCfg = Debug|Any CPU
		{1C02D32C-DCEF-4C37-99D5-5EB7401231C6}.Debug|Any CPU.Build.0 = Debug|Any CPU
		{1C02D32C-DCEF-4C37-99D5-5EB7401231C6}.Release|Any CPU.ActiveCfg = Release|Any CPU
		{1C02D32C-DCEF-4C37-99D5-5EB7401231C6}.Release|Any CPU.Build.0 = Release|Any CPU
		{6BE87C6F-6903-4686-8552-C9E1BA16DA9C}.Debug|Any CPU.ActiveCfg = Debug|Any CPU
		{6BE87C6F-6903-4686-8552-C9E1BA16DA9C}.Debug|Any CPU.Build.0 = Debug|Any CPU
		{6BE87C6F-6903-4686-8552-C9E1BA16DA9C}.Release|Any CPU.ActiveCfg = Release|Any CPU
		{6BE87C6F-6903-4686-8552-C9E1BA16DA9C}.Release|Any CPU.Build.0 = Release|Any CPU
	EndGlobalSection
	GlobalSection(SolutionProperties) = preSolution
		HideSolutionNode = FALSE
	EndGlobalSection
	GlobalSection(ExtensibilityGlobals) = postSolution
		SolutionGuid = {4116C5C8-9D29-451C-BFCB-E5E740224B3C}
	EndGlobalSection
EndGlobal
